// !$*UTF8*$!
{
	archiveVersion = 1;
	classes = {
	};
	objectVersion = 50;
	objects = {

/* Begin PBXBuildFile section */
		810DC85C25FF5AC2007FE878 /* Wizzard.swift in Sources */ = {isa = PBXBuildFile; fileRef = 810DC85B25FF5AC2007FE878 /* Wizzard.swift */; };
		810DC85F25FF5B2F007FE878 /* Dwarf.swift in Sources */ = {isa = PBXBuildFile; fileRef = 810DC85E25FF5B2F007FE878 /* Dwarf.swift */; };
		810DC86225FF5B7D007FE878 /* Colossus.swift in Sources */ = {isa = PBXBuildFile; fileRef = 810DC86125FF5B7D007FE878 /* Colossus.swift */; };
		812EC81E25FF55200030C74F /* Warrior.swift in Sources */ = {isa = PBXBuildFile; fileRef = 812EC81D25FF55200030C74F /* Warrior.swift */; };
		812EC82325FF573B0030C74F /* Weapon.swift in Sources */ = {isa = PBXBuildFile; fileRef = 8166ABF625FE243B0095E576 /* Weapon.swift */; };
		8166ABD325FD2B210095E576 /* main.swift in Sources */ = {isa = PBXBuildFile; fileRef = 8166ABD225FD2B210095E576 /* main.swift */; };
		8166ABDB25FD2B5C0095E576 /* Game.swift in Sources */ = {isa = PBXBuildFile; fileRef = 8166ABDA25FD2B5C0095E576 /* Game.swift */; };
		8166ABE025FE18910095E576 /* Character.swift in Sources */ = {isa = PBXBuildFile; fileRef = 8166ABDF25FE18910095E576 /* Character.swift */; };
		8166ABE425FE18A20095E576 /* Player.swift in Sources */ = {isa = PBXBuildFile; fileRef = 8166ABE325FE18A20095E576 /* Player.swift */; };
/* End PBXBuildFile section */

/* Begin PBXCopyFilesBuildPhase section */
		8166ABCD25FD2B210095E576 /* CopyFiles */ = {
			isa = PBXCopyFilesBuildPhase;
			buildActionMask = 2147483647;
			dstPath = /usr/share/man/man1/;
			dstSubfolderSpec = 0;
			files = (
			);
			runOnlyForDeploymentPostprocessing = 1;
		};
/* End PBXCopyFilesBuildPhase section */

/* Begin PBXFileReference section */
		810DC85B25FF5AC2007FE878 /* Wizzard.swift */ = {isa = PBXFileReference; lastKnownFileType = sourcecode.swift; path = Wizzard.swift; sourceTree = "<group>"; };
		810DC85E25FF5B2F007FE878 /* Dwarf.swift */ = {isa = PBXFileReference; lastKnownFileType = sourcecode.swift; path = Dwarf.swift; sourceTree = "<group>"; };
		810DC86125FF5B7D007FE878 /* Colossus.swift */ = {isa = PBXFileReference; lastKnownFileType = sourcecode.swift; path = Colossus.swift; sourceTree = "<group>"; };
		812EC81D25FF55200030C74F /* Warrior.swift */ = {isa = PBXFileReference; lastKnownFileType = sourcecode.swift; path = Warrior.swift; sourceTree = "<group>"; };
		8166ABCF25FD2B210095E576 /* p3_Project */ = {isa = PBXFileReference; explicitFileType = "compiled.mach-o.executable"; includeInIndex = 0; path = p3_Project; sourceTree = BUILT_PRODUCTS_DIR; };
		8166ABD225FD2B210095E576 /* main.swift */ = {isa = PBXFileReference; lastKnownFileType = sourcecode.swift; path = main.swift; sourceTree = "<group>"; };
		8166ABDA25FD2B5C0095E576 /* Game.swift */ = {isa = PBXFileReference; lastKnownFileType = sourcecode.swift; path = Game.swift; sourceTree = "<group>"; };
		8166ABDF25FE18910095E576 /* Character.swift */ = {isa = PBXFileReference; lastKnownFileType = sourcecode.swift; path = Character.swift; sourceTree = "<group>"; };
		8166ABE325FE18A20095E576 /* Player.swift */ = {isa = PBXFileReference; lastKnownFileType = sourcecode.swift; path = Player.swift; sourceTree = "<group>"; };
		8166ABF625FE243B0095E576 /* Weapon.swift */ = {isa = PBXFileReference; lastKnownFileType = sourcecode.swift; path = Weapon.swift; sourceTree = "<group>"; };
/* End PBXFileReference section */

/* Begin PBXFrameworksBuildPhase section */
		8166ABCC25FD2B210095E576 /* Frameworks */ = {
			isa = PBXFrameworksBuildPhase;
			buildActionMask = 2147483647;
			files = (
			);
			runOnlyForDeploymentPostprocessing = 0;
		};
/* End PBXFrameworksBuildPhase section */

/* Begin PBXGroup section */
		812EC82525FF5A6E0030C74F /* New Group */ = {
			isa = PBXGroup;
			children = (
				812EC81D25FF55200030C74F /* Warrior.swift */,
				810DC85B25FF5AC2007FE878 /* Wizzard.swift */,
				810DC85E25FF5B2F007FE878 /* Dwarf.swift */,
				810DC86125FF5B7D007FE878 /* Colossus.swift */,
			);
			path = "New Group";
			sourceTree = "<group>";
		};
		8166ABC625FD2B210095E576 = {
			isa = PBXGroup;
			children = (
				8166ABD125FD2B210095E576 /* p3_Project */,
				8166ABD025FD2B210095E576 /* Products */,
			);
			sourceTree = "<group>";
		};
		8166ABD025FD2B210095E576 /* Products */ = {
			isa = PBXGroup;
			children = (
				8166ABCF25FD2B210095E576 /* p3_Project */,
			);
			name = Products;
			sourceTree = "<group>";
		};
		8166ABD125FD2B210095E576 /* p3_Project */ = {
			isa = PBXGroup;
			children = (
				8166ABD225FD2B210095E576 /* main.swift */,
				8166ABDA25FD2B5C0095E576 /* Game.swift */,
				8166ABE325FE18A20095E576 /* Player.swift */,
				8166ABF625FE243B0095E576 /* Weapon.swift */,
				8166ABDF25FE18910095E576 /* Character.swift */,
				812EC82525FF5A6E0030C74F /* New Group */,
			);
			path = p3_Project;
			sourceTree = "<group>";
		};
/* End PBXGroup section */

/* Begin PBXNativeTarget section */
		8166ABCE25FD2B210095E576 /* p3_Project */ = {
			isa = PBXNativeTarget;
			buildConfigurationList = 8166ABD625FD2B210095E576 /* Build configuration list for PBXNativeTarget "p3_Project" */;
			buildPhases = (
				8166ABCB25FD2B210095E576 /* Sources */,
				8166ABCC25FD2B210095E576 /* Frameworks */,
				8166ABCD25FD2B210095E576 /* CopyFiles */,
			);
			buildRules = (
			);
			dependencies = (
			);
			name = p3_Project;
			productName = p3_Project;
			productReference = 8166ABCF25FD2B210095E576 /* p3_Project */;
			productType = "com.apple.product-type.tool";
		};
/* End PBXNativeTarget section */

/* Begin PBXProject section */
		8166ABC725FD2B210095E576 /* Project object */ = {
			isa = PBXProject;
			attributes = {
				LastSwiftUpdateCheck = 1240;
				LastUpgradeCheck = 1240;
				TargetAttributes = {
					8166ABCE25FD2B210095E576 = {
						CreatedOnToolsVersion = 12.4;
					};
				};
			};
			buildConfigurationList = 8166ABCA25FD2B210095E576 /* Build configuration list for PBXProject "p3_Project" */;
			compatibilityVersion = "Xcode 9.3";
			developmentRegion = en;
			hasScannedForEncodings = 0;
			knownRegions = (
				en,
				Base,
			);
			mainGroup = 8166ABC625FD2B210095E576;
			productRefGroup = 8166ABD025FD2B210095E576 /* Products */;
			projectDirPath = "";
			projectRoot = "";
			targets = (
				8166ABCE25FD2B210095E576 /* p3_Project */,
			);
		};
/* End PBXProject section */

/* Begin PBXSourcesBuildPhase section */
		8166ABCB25FD2B210095E576 /* Sources */ = {
			isa = PBXSourcesBuildPhase;
			buildActionMask = 2147483647;
			files = (
				812EC81E25FF55200030C74F /* Warrior.swift in Sources */,
				810DC85C25FF5AC2007FE878 /* Wizzard.swift in Sources */,
				810DC85F25FF5B2F007FE878 /* Dwarf.swift in Sources */,
				8166ABE425FE18A20095E576 /* Player.swift in Sources */,
				810DC86225FF5B7D007FE878 /* Colossus.swift in Sources */,
				8166ABE025FE18910095E576 /* Character.swift in Sources */,
				8166ABD325FD2B210095E576 /* main.swift in Sources */,
				8166ABDB25FD2B5C0095E576 /* Game.swift in Sources */,
				812EC82325FF573B0030C74F /* Weapon.swift in Sources */,
			);
			runOnlyForDeploymentPostprocessing = 0;
		};
/* End PBXSourcesBuildPhase section */

/* Begin XCBuildConfiguration section */
		8166ABD425FD2B210095E576 /* Debug */ = {
			isa = XCBuildConfiguration;
			buildSettings = {
				ALWAYS_SEARCH_USER_PATHS = NO;
				CLANG_ANALYZER_NONNULL = YES;
				CLANG_ANALYZER_NUMBER_OBJECT_CONVERSION = YES_AGGRESSIVE;
				CLANG_CXX_LANGUAGE_STANDARD = "gnu++14";
				CLANG_CXX_LIBRARY = "libc++";
				CLANG_ENABLE_MODULES = YES;
				CLANG_ENABLE_OBJC_ARC = YES;
				CLANG_ENABLE_OBJC_WEAK = YES;
				CLANG_WARN_BLOCK_CAPTURE_AUTORELEASING = YES;
				CLANG_WARN_BOOL_CONVERSION = YES;
				CLANG_WARN_COMMA = YES;
				CLANG_WARN_CONSTANT_CONVERSION = YES;
				CLANG_WARN_DEPRECATED_OBJC_IMPLEMENTATIONS = YES;
				CLANG_WARN_DIRECT_OBJC_ISA_USAGE = YES_ERROR;
				CLANG_WARN_DOCUMENTATION_COMMENTS = YES;
				CLANG_WARN_EMPTY_BODY = YES;
				CLANG_WARN_ENUM_CONVERSION = YES;
				CLANG_WARN_INFINITE_RECURSION = YES;
				CLANG_WARN_INT_CONVERSION = YES;
				CLANG_WARN_NON_LITERAL_NULL_CONVERSION = YES;
				CLANG_WARN_OBJC_IMPLICIT_RETAIN_SELF = YES;
				CLANG_WARN_OBJC_LITERAL_CONVERSION = YES;
				CLANG_WARN_OBJC_ROOT_CLASS = YES_ERROR;
				CLANG_WARN_QUOTED_INCLUDE_IN_FRAMEWORK_HEADER = YES;
				CLANG_WARN_RANGE_LOOP_ANALYSIS = YES;
				CLANG_WARN_STRICT_PROTOTYPES = YES;
				CLANG_WARN_SUSPICIOUS_MOVE = YES;
				CLANG_WARN_UNGUARDED_AVAILABILITY = YES_AGGRESSIVE;
				CLANG_WARN_UNREACHABLE_CODE = YES;
				CLANG_WARN__DUPLICATE_METHOD_MATCH = YES;
				COPY_PHASE_STRIP = NO;
				DEBUG_INFORMATION_FORMAT = dwarf;
				ENABLE_STRICT_OBJC_MSGSEND = YES;
				ENABLE_TESTABILITY = YES;
				GCC_C_LANGUAGE_STANDARD = gnu11;
				GCC_DYNAMIC_NO_PIC = NO;
				GCC_NO_COMMON_BLOCKS = YES;
				GCC_OPTIMIZATION_LEVEL = 0;
				GCC_PREPROCESSOR_DEFINITIONS = (
					"DEBUG=1",
					"$(inherited)",
				);
				GCC_WARN_64_TO_32_BIT_CONVERSION = YES;
				GCC_WARN_ABOUT_RETURN_TYPE = YES_ERROR;
				GCC_WARN_UNDECLARED_SELECTOR = YES;
				GCC_WARN_UNINITIALIZED_AUTOS = YES_AGGRESSIVE;
				GCC_WARN_UNUSED_FUNCTION = YES;
				GCC_WARN_UNUSED_VARIABLE = YES;
				MACOSX_DEPLOYMENT_TARGET = 11.1;
				MTL_ENABLE_DEBUG_INFO = INCLUDE_SOURCE;
				MTL_FAST_MATH = YES;
				ONLY_ACTIVE_ARCH = YES;
				SDKROOT = macosx;
				SWIFT_ACTIVE_COMPILATION_CONDITIONS = DEBUG;
				SWIFT_OPTIMIZATION_LEVEL = "-Onone";
			};
			name = Debug;
		};
		8166ABD525FD2B210095E576 /* Release */ = {
			isa = XCBuildConfiguration;
			buildSettings = {
				ALWAYS_SEARCH_USER_PATHS = NO;
				CLANG_ANALYZER_NONNULL = YES;
				CLANG_ANALYZER_NUMBER_OBJECT_CONVERSION = YES_AGGRESSIVE;
				CLANG_CXX_LANGUAGE_STANDARD = "gnu++14";
				CLANG_CXX_LIBRARY = "libc++";
				CLANG_ENABLE_MODULES = YES;
				CLANG_ENABLE_OBJC_ARC = YES;
				CLANG_ENABLE_OBJC_WEAK = YES;
				CLANG_WARN_BLOCK_CAPTURE_AUTORELEASING = YES;
				CLANG_WARN_BOOL_CONVERSION = YES;
				CLANG_WARN_COMMA = YES;
				CLANG_WARN_CONSTANT_CONVERSION = YES;
				CLANG_WARN_DEPRECATED_OBJC_IMPLEMENTATIONS = YES;
				CLANG_WARN_DIRECT_OBJC_ISA_USAGE = YES_ERROR;
				CLANG_WARN_DOCUMENTATION_COMMENTS = YES;
				CLANG_WARN_EMPTY_BODY = YES;
				CLANG_WARN_ENUM_CONVERSION = YES;
				CLANG_WARN_INFINITE_RECURSION = YES;
				CLANG_WARN_INT_CONVERSION = YES;
				CLANG_WARN_NON_LITERAL_NULL_CONVERSION = YES;
				CLANG_WARN_OBJC_IMPLICIT_RETAIN_SELF = YES;
				CLANG_WARN_OBJC_LITERAL_CONVERSION = YES;
				CLANG_WARN_OBJC_ROOT_CLASS = YES_ERROR;
				CLANG_WARN_QUOTED_INCLUDE_IN_FRAMEWORK_HEADER = YES;
				CLANG_WARN_RANGE_LOOP_ANALYSIS = YES;
				CLANG_WARN_STRICT_PROTOTYPES = YES;
				CLANG_WARN_SUSPICIOUS_MOVE = YES;
				CLANG_WARN_UNGUARDED_AVAILABILITY = YES_AGGRESSIVE;
				CLANG_WARN_UNREACHABLE_CODE = YES;
				CLANG_WARN__DUPLICATE_METHOD_MATCH = YES;
				COPY_PHASE_STRIP = NO;
				DEBUG_INFORMATION_FORMAT = "dwarf-with-dsym";
				ENABLE_NS_ASSERTIONS = NO;
				ENABLE_STRICT_OBJC_MSGSEND = YES;
				GCC_C_LANGUAGE_STANDARD = gnu11;
				GCC_NO_COMMON_BLOCKS = YES;
				GCC_WARN_64_TO_32_BIT_CONVERSION = YES;
				GCC_WARN_ABOUT_RETURN_TYPE = YES_ERROR;
				GCC_WARN_UNDECLARED_SELECTOR = YES;
				GCC_WARN_UNINITIALIZED_AUTOS = YES_AGGRESSIVE;
				GCC_WARN_UNUSED_FUNCTION = YES;
				GCC_WARN_UNUSED_VARIABLE = YES;
				MACOSX_DEPLOYMENT_TARGET = 11.1;
				MTL_ENABLE_DEBUG_INFO = NO;
				MTL_FAST_MATH = YES;
				SDKROOT = macosx;
				SWIFT_COMPILATION_MODE = wholemodule;
				SWIFT_OPTIMIZATION_LEVEL = "-O";
			};
			name = Release;
		};
		8166ABD725FD2B210095E576 /* Debug */ = {
			isa = XCBuildConfiguration;
			buildSettings = {
				CODE_SIGN_STYLE = Automatic;
				DEVELOPMENT_TEAM = LW66PFZQH6;
				ENABLE_HARDENED_RUNTIME = YES;
				PRODUCT_NAME = "$(TARGET_NAME)";
				SWIFT_VERSION = 5.0;
			};
			name = Debug;
		};
		8166ABD825FD2B210095E576 /* Release */ = {
			isa = XCBuildConfiguration;
			buildSettings = {
				CODE_SIGN_STYLE = Automatic;
				DEVELOPMENT_TEAM = LW66PFZQH6;
				ENABLE_HARDENED_RUNTIME = YES;
				PRODUCT_NAME = "$(TARGET_NAME)";
				SWIFT_VERSION = 5.0;
			};
			name = Release;
		};
/* End XCBuildConfiguration section */

/* Begin XCConfigurationList section */
		8166ABCA25FD2B210095E576 /* Build configuration list for PBXProject "p3_Project" */ = {
			isa = XCConfigurationList;
			buildConfigurations = (
				8166ABD425FD2B210095E576 /* Debug */,
				8166ABD525FD2B210095E576 /* Release */,
			);
			defaultConfigurationIsVisible = 0;
			defaultConfigurationName = Release;
		};
		8166ABD625FD2B210095E576 /* Build configuration list for PBXNativeTarget "p3_Project" */ = {
			isa = XCConfigurationList;
			buildConfigurations = (
				8166ABD725FD2B210095E576 /* Debug */,
				8166ABD825FD2B210095E576 /* Release */,
			);
			defaultConfigurationIsVisible = 0;
			defaultConfigurationName = Release;
		};
/* End XCConfigurationList section */
	};
	rootObject = 8166ABC725FD2B210095E576 /* Project object */;
}
